
Microsoft Visual Studio Solution File, Format Version 12.00
# Visual Studio Version 17
VisualStudioVersion = 17.11.35327.3
MinimumVisualStudioVersion = 10.0.40219.1
Project("{FAE04EC0-301F-11D3-BF4B-00C04F79EFBC}") = "PortaBoard", "PortaBoard\PortaBoard.csproj", "{812CB90B-067C-4B0F-B9BD-E300F75304BB}"
EndProject
Global
	GlobalSection(SolutionConfigurationPlatforms) = preSolution
		Debug|Any CPU = Debug|Any CPU
		Release|Any CPU = Release|Any CPU
	EndGlobalSection
	GlobalSection(ProjectConfigurationPlatforms) = postSolution
		{812CB90B-067C-4B0F-B9BD-E300F75304BB}.Debug|Any CPU.ActiveCfg = Debug|Any CPU
		{812CB90B-067C-4B0F-B9BD-E300F75304BB}.Debug|Any CPU.Build.0 = Debug|Any CPU
		{812CB90B-067C-4B0F-B9BD-E300F75304BB}.Release|Any CPU.ActiveCfg = Release|Any CPU
		{812CB90B-067C-4B0F-B9BD-E300F75304BB}.Release|Any CPU.Build.0 = Release|Any CPU
	EndGlobalSection
	GlobalSection(SolutionProperties) = preSolution
		HideSolutionNode = FALSE
	EndGlobalSection
	GlobalSection(ExtensibilityGlobals) = postSolution
		SolutionGuid = {B54917F3-96DE-4D8A-B395-2218D133702C}
	EndGlobalSection
EndGlobal
